<?xml version="1.0" encoding="utf-8"?>
<Project ToolsVersion="4.0" xmlns="http://schemas.microsoft.com/developer/msbuild/2003">
  <ItemGroup>
    <Filter Include="Source Files">
      <UniqueIdentifier>{4FC737F1-C7A5-4376-A066-2A32D752A2FF}</UniqueIdentifier>
      <Extensions>cpp;c;cc;cxx;c++;cppm;ixx;def;odl;idl;hpj;bat;asm;asmx</Extensions>
    </Filter>
    <Filter Include="common">
      <UniqueIdentifier>{93995380-89BD-4b04-88EB-625FBE52EBFB}</UniqueIdentifier>
      <Extensions>h;hh;hpp;hxx;h++;hm;inl;inc;ipp;xsd</Extensions>
    </Filter>
    <Filter Include="inc">
      <UniqueIdentifier>{67DA6AB6-F800-4c08-8B7A-83BB121AAD01}</UniqueIdentifier>
      <Extensions>rc;ico;cur;bmp;dlg;rc2;rct;bin;rgs;gif;jpg;jpeg;jpe;resx;tiff;tif;png;wav;mfcribbon-ms</Extensions>
    </Filter>
    <Filter Include="inc\2D">
      <UniqueIdentifier>{56f2274f-bf3d-4e32-ab11-441729a1448a}</UniqueIdentifier>
    </Filter>
    <Filter Include="inc\2D\cpu">
      <UniqueIdentifier>{bd151a25-5342-4786-9faa-633fdfe2f3de}</UniqueIdentifier>
    </Filter>
    <Filter Include="inc\2D\gpu">
      <UniqueIdentifier>{17936169-1b65-44c0-8490-ecc9a97ef6fa}</UniqueIdentifier>
    </Filter>
  </ItemGroup>
  <ItemGroup>
    <ClInclude Include="common\colormaps.h">
      <Filter>common</Filter>
    </ClInclude>
    <ClInclude Include="common\colorramp.h">
      <Filter>common</Filter>
    </ClInclude>
    <ClInclude Include="common\mlCommon.h">
      <Filter>common</Filter>
    </ClInclude>
    <ClInclude Include="common\mlcudaCommon.h">
      <Filter>common</Filter>
    </ClInclude>
    <ClInclude Include="common\mlCuRunTime.h">
      <Filter>common</Filter>
    </ClInclude>
    <ClInclude Include="common\mlDataType.h">
      <Filter>common</Filter>
    </ClInclude>
    <ClInclude Include="common\mlFluid.h">
      <Filter>common</Filter>
    </ClInclude>
    <ClInclude Include="common\mlFluidCommon.h">
      <Filter>common</Filter>
    </ClInclude>
    <ClInclude Include="common\mlFluidParam.h">
      <Filter>common</Filter>
    </ClInclude>
    <ClInclude Include="common\mlLatticeNode.h">
      <Filter>common</Filter>
    </ClInclude>
    <ClInclude Include="common\mlLbmCommon.h">
      <Filter>common</Filter>
    </ClInclude>
    <ClInclude Include="common\mlpath.h">
      <Filter>common</Filter>
    </ClInclude>
    <ClInclude Include="common\mlTypeDef.h">
      <Filter>common</Filter>
    </ClInclude>
    <ClInclude Include="common\mlVelocity.h">
      <Filter>common</Filter>
    </ClInclude>
    <ClInclude Include="common\mlCoreWin.h">
      <Filter>common</Filter>
    </ClInclude>
    <ClInclude Include="common\mlvertex.h">
      <Filter>common</Filter>
    </ClInclude>
    <ClInclude Include="common\mlvector.h">
      <Filter>common</Filter>
    </ClInclude>
    <ClInclude Include="inc\2D\cpu\mrFlow2D.h">
      <Filter>inc\2D\cpu</Filter>
    </ClInclude>
    <ClInclude Include="inc\2D\cpu\mrSolver2D.h">
      <Filter>inc\2D\cpu</Filter>
    </ClInclude>
    <ClInclude Include="inc\2D\gpu\mrConstantParamsGpu2D.h">
      <Filter>inc\2D\gpu</Filter>
    </ClInclude>
    <ClInclude Include="inc\2D\gpu\mrLbmSolverGpu2D.h">
      <Filter>inc\2D\gpu</Filter>
    </ClInclude>
    <ClInclude Include="inc\2D\gpu\mrUtilFuncGpu2D.h">
      <Filter>inc\2D\gpu</Filter>
    </ClInclude>
    <ClInclude Include="inc\2D\cpu\mlInit2D.h">
      <Filter>inc\2D\cpu</Filter>
    </ClInclude>
    <ClInclude Include="inc\2D\cpu\mrConstantParamsCpu2D.h">
      <Filter>inc\2D\cpu</Filter>
    </ClInclude>
    <ClInclude Include="src\LbmCases2D.h">
      <Filter>Header Files</Filter>
    </ClInclude>
  </ItemGroup>
  <ItemGroup>
    <ClCompile Include="common\colorramp.cpp">
      <Filter>common</Filter>
    </ClCompile>
    <ClCompile Include="common\mlCuRunTime.cpp">
      <Filter>common</Filter>
    </ClCompile>
    <ClCompile Include="src\LbmCases2D.cpp">
      <Filter>Source Files</Filter>
    </ClCompile>
    <ClCompile Include="src\testMrLBM2D.cpp">
      <Filter>Source Files</Filter>
    </ClCompile>
  </ItemGroup>
  <ItemGroup>
    <CudaCompile Include="inc\2D\gpu\mrLbmSolverGpu2D.cu">
      <Filter>inc\2D\gpu</Filter>
    </CudaCompile>
  </ItemGroup>
</Project>
